PODS:
  - Flutter (1.0.0)
  - flutter_soloud (0.0.1):
    - Flutter
  - record_darwin (1.0.0):
    - Flutter
  - torch_light (0.0.1):
    - Flutter

DEPENDENCIES:
  - Flutter (from `Flutter`)
  - flutter_soloud (from `.symlinks/plugins/flutter_soloud/ios`)
  - record_darwin (from `.symlinks/plugins/record_darwin/ios`)
  - torch_light (from `.symlinks/plugins/torch_light/ios`)

EXTERNAL SOURCES:
  Flutter:
    :path: Flutter
  flutter_soloud:
    :path: ".symlinks/plugins/flutter_soloud/ios"
  record_darwin:
    :path: ".symlinks/plugins/record_darwin/ios"
  torch_light:
    :path: ".symlinks/plugins/torch_light/ios"

SPEC CHECKSUMS:
  Flutter: cabc95a1d2626b1b06e7179b784ebcf0c0cde467
  flutter_soloud: 272cc604453b6ca135f274045fb259e7c6426122
  record_darwin: fb1f375f1d9603714f55b8708a903bbb91ffdb0a
  torch_light: d093d579a221a59ef8a6b8c0eca20d52f7178087

PODFILE CHECKSUM: 3c63482e143d1b91d2d2560aee9fb04ecc74ac7e

COCOAPODS: 1.16.2
